
Microsoft Visual Studio Solution File, Format Version 12.00
# Visual Studio Version 17
VisualStudioVersion = 17.8.34330.188
MinimumVisualStudioVersion = 10.0.40219.1
Project("{FAE04EC0-301F-11D3-BF4B-00C04F79EFBC}") = "TrieDataStructure", "TrieDataStructure.csproj", "{7F17E575-6C61-4366-9179-7729805426A2}"
EndProject
Global
	GlobalSection(SolutionConfigurationPlatforms) = preSolution
		Debug|Any CPU = Debug|Any CPU
		Release|Any CPU = Release|Any CPU
	EndGlobalSection
	GlobalSection(ProjectConfigurationPlatforms) = postSolution
		{7F17E575-6C61-4366-9179-7729805426A2}.Debug|Any CPU.ActiveCfg = Debug|Any CPU
		{7F17E575-6C61-4366-9179-7729805426A2}.Debug|Any CPU.Build.0 = Debug|Any CPU
		{7F17E575-6C61-4366-9179-7729805426A2}.Release|Any CPU.ActiveCfg = Release|Any CPU
		{7F17E575-6C61-4366-9179-7729805426A2}.Release|Any CPU.Build.0 = Release|Any CPU
	EndGlobalSection
	GlobalSection(SolutionProperties) = preSolution
		HideSolutionNode = FALSE
	EndGlobalSection
	GlobalSection(ExtensibilityGlobals) = postSolution
		SolutionGuid = {C5BC1CB0-1F4A-4D1B-9D01-24621959117F}
	EndGlobalSection
EndGlobal
